// !$*UTF8*$!
{
	archiveVersion = 1;
	classes = {
	};
	objectVersion = 56;
	objects = {

/* Begin PBXBuildFile section */
		86AE65052B11DE2F00393D57 /* CaveApp.swift in Sources */ = {isa = PBXBuildFile; fileRef = 86AE65042B11DE2F00393D57 /* CaveApp.swift */; };
		86AE65072B11DE2F00393D57 /* CaveView.swift in Sources */ = {isa = PBXBuildFile; fileRef = 86AE65062B11DE2F00393D57 /* CaveView.swift */; };
		86AE65092B11DE3200393D57 /* Assets.xcassets in Resources */ = {isa = PBXBuildFile; fileRef = 86AE65082B11DE3200393D57 /* Assets.xcassets */; };
		86AE650C2B11DE3200393D57 /* Preview Assets.xcassets in Resources */ = {isa = PBXBuildFile; fileRef = 86AE650B2B11DE3200393D57 /* Preview Assets.xcassets */; };
		86AE65162B11DE3300393D57 /* CaveTests.swift in Sources */ = {isa = PBXBuildFile; fileRef = 86AE65152B11DE3300393D57 /* CaveTests.swift */; };
		86AE65202B11DE3300393D57 /* CaveUITests.swift in Sources */ = {isa = PBXBuildFile; fileRef = 86AE651F2B11DE3300393D57 /* CaveUITests.swift */; };
		86AE65302B11DEB900393D57 /* Cave.swift in Sources */ = {isa = PBXBuildFile; fileRef = 86AE652F2B11DEB900393D57 /* Cave.swift */; };
		86AE65332B11DEF500393D57 /* CaveArea.swift in Sources */ = {isa = PBXBuildFile; fileRef = 86AE65322B11DEF500393D57 /* CaveArea.swift */; };
		86AE65392B11E46F00393D57 /* LaunchScreen.storyboard in Resources */ = {isa = PBXBuildFile; fileRef = 86AE65382B11E46F00393D57 /* LaunchScreen.storyboard */; };
/* End PBXBuildFile section */

/* Begin PBXContainerItemProxy section */
		86AE65122B11DE3300393D57 /* PBXContainerItemProxy */ = {
			isa = PBXContainerItemProxy;
			containerPortal = 86AE64F92B11DE2F00393D57 /* Project object */;
			proxyType = 1;
			remoteGlobalIDString = 86AE65002B11DE2F00393D57;
			remoteInfo = Cave;
		};
		86AE651C2B11DE3300393D57 /* PBXContainerItemProxy */ = {
			isa = PBXContainerItemProxy;
			containerPortal = 86AE64F92B11DE2F00393D57 /* Project object */;
			proxyType = 1;
			remoteGlobalIDString = 86AE65002B11DE2F00393D57;
			remoteInfo = Cave;
		};
/* End PBXContainerItemProxy section */

/* Begin PBXFileReference section */
		86AE65012B11DE2F00393D57 /* Cave.app */ = {isa = PBXFileReference; explicitFileType = wrapper.application; includeInIndex = 0; path = Cave.app; sourceTree = BUILT_PRODUCTS_DIR; };
		86AE65042B11DE2F00393D57 /* CaveApp.swift */ = {isa = PBXFileReference; lastKnownFileType = sourcecode.swift; path = CaveApp.swift; sourceTree = "<group>"; };
		86AE65062B11DE2F00393D57 /* CaveView.swift */ = {isa = PBXFileReference; lastKnownFileType = sourcecode.swift; path = CaveView.swift; sourceTree = "<group>"; };
		86AE65082B11DE3200393D57 /* Assets.xcassets */ = {isa = PBXFileReference; lastKnownFileType = folder.assetcatalog; path = Assets.xcassets; sourceTree = "<group>"; };
		86AE650B2B11DE3200393D57 /* Preview Assets.xcassets */ = {isa = PBXFileReference; lastKnownFileType = folder.assetcatalog; path = "Preview Assets.xcassets"; sourceTree = "<group>"; };
		86AE65112B11DE3300393D57 /* CaveTests.xctest */ = {isa = PBXFileReference; explicitFileType = wrapper.cfbundle; includeInIndex = 0; path = CaveTests.xctest; sourceTree = BUILT_PRODUCTS_DIR; };
		86AE65152B11DE3300393D57 /* CaveTests.swift */ = {isa = PBXFileReference; lastKnownFileType = sourcecode.swift; path = CaveTests.swift; sourceTree = "<group>"; };
		86AE651B2B11DE3300393D57 /* CaveUITests.xctest */ = {isa = PBXFileReference; explicitFileType = wrapper.cfbundle; includeInIndex = 0; path = CaveUITests.xctest; sourceTree = BUILT_PRODUCTS_DIR; };
		86AE651F2B11DE3300393D57 /* CaveUITests.swift */ = {isa = PBXFileReference; lastKnownFileType = sourcecode.swift; path = CaveUITests.swift; sourceTree = "<group>"; };
		86AE652F2B11DEB900393D57 /* Cave.swift */ = {isa = PBXFileReference; lastKnownFileType = sourcecode.swift; path = Cave.swift; sourceTree = "<group>"; };
		86AE65322B11DEF500393D57 /* CaveArea.swift */ = {isa = PBXFileReference; lastKnownFileType = sourcecode.swift; path = CaveArea.swift; sourceTree = "<group>"; };
		86AE65382B11E46F00393D57 /* LaunchScreen.storyboard */ = {isa = PBXFileReference; lastKnownFileType = file.storyboard; path = LaunchScreen.storyboard; sourceTree = "<group>"; };
/* End PBXFileReference section */

/* Begin PBXFrameworksBuildPhase section */
		86AE64FE2B11DE2F00393D57 /* Frameworks */ = {
			isa = PBXFrameworksBuildPhase;
			buildActionMask = 2147483647;
			files = (
			);
			runOnlyForDeploymentPostprocessing = 0;
		};
		86AE650E2B11DE3300393D57 /* Frameworks */ = {
			isa = PBXFrameworksBuildPhase;
			buildActionMask = 2147483647;
			files = (
			);
			runOnlyForDeploymentPostprocessing = 0;
		};
		86AE65182B11DE3300393D57 /* Frameworks */ = {
			isa = PBXFrameworksBuildPhase;
			buildActionMask = 2147483647;
			files = (
			);
			runOnlyForDeploymentPostprocessing = 0;
		};
/* End PBXFrameworksBuildPhase section */

/* Begin PBXGroup section */
		86AE64F82B11DE2F00393D57 = {
			isa = PBXGroup;
			children = (
				86AE65032B11DE2F00393D57 /* Cave */,
				86AE65142B11DE3300393D57 /* CaveTests */,
				86AE651E2B11DE3300393D57 /* CaveUITests */,
				86AE65022B11DE2F00393D57 /* Products */,
			);
			sourceTree = "<group>";
		};
		86AE65022B11DE2F00393D57 /* Products */ = {
			isa = PBXGroup;
			children = (
				86AE65012B11DE2F00393D57 /* Cave.app */,
				86AE65112B11DE3300393D57 /* CaveTests.xctest */,
				86AE651B2B11DE3300393D57 /* CaveUITests.xctest */,
			);
			name = Products;
			sourceTree = "<group>";
		};
		86AE65032B11DE2F00393D57 /* Cave */ = {
			isa = PBXGroup;
			children = (
				86AE65352B11DF0900393D57 /* App */,
				86AE65342B11DF0100393D57 /* View */,
				86AE65312B11DEC700393D57 /* Model */,
				86AE652E2B11DEA000393D57 /* Resources */,
				86AE650A2B11DE3200393D57 /* Preview Content */,
			);
			path = Cave;
			sourceTree = "<group>";
		};
		86AE650A2B11DE3200393D57 /* Preview Content */ = {
			isa = PBXGroup;
			children = (
				86AE650B2B11DE3200393D57 /* Preview Assets.xcassets */,
			);
			path = "Preview Content";
			sourceTree = "<group>";
		};
		86AE65142B11DE3300393D57 /* CaveTests */ = {
			isa = PBXGroup;
			children = (
				86AE65152B11DE3300393D57 /* CaveTests.swift */,
			);
			path = CaveTests;
			sourceTree = "<group>";
		};
		86AE651E2B11DE3300393D57 /* CaveUITests */ = {
			isa = PBXGroup;
			children = (
				86AE651F2B11DE3300393D57 /* CaveUITests.swift */,
			);
			path = CaveUITests;
			sourceTree = "<group>";
		};
		86AE652E2B11DEA000393D57 /* Resources */ = {
			isa = PBXGroup;
			children = (
				86AE65082B11DE3200393D57 /* Assets.xcassets */,
			);
			path = Resources;
			sourceTree = "<group>";
		};
		86AE65312B11DEC700393D57 /* Model */ = {
			isa = PBXGroup;
			children = (
				86AE652F2B11DEB900393D57 /* Cave.swift */,
			);
			path = Model;
			sourceTree = "<group>";
		};
		86AE65342B11DF0100393D57 /* View */ = {
			isa = PBXGroup;
			children = (
				86AE65062B11DE2F00393D57 /* CaveView.swift */,
				86AE65322B11DEF500393D57 /* CaveArea.swift */,
				86AE65382B11E46F00393D57 /* LaunchScreen.storyboard */,
			);
			path = View;
			sourceTree = "<group>";
		};
		86AE65352B11DF0900393D57 /* App */ = {
			isa = PBXGroup;
			children = (
				86AE65042B11DE2F00393D57 /* CaveApp.swift */,
			);
			path = App;
			sourceTree = "<group>";
		};
/* End PBXGroup section */

/* Begin PBXNativeTarget section */
		86AE65002B11DE2F00393D57 /* Cave */ = {
			isa = PBXNativeTarget;
			buildConfigurationList = 86AE65252B11DE3300393D57 /* Build configuration list for PBXNativeTarget "Cave" */;
			buildPhases = (
				86AE64FD2B11DE2F00393D57 /* Sources */,
				86AE64FE2B11DE2F00393D57 /* Frameworks */,
				86AE64FF2B11DE2F00393D57 /* Resources */,
			);
			buildRules = (
			);
			dependencies = (
			);
			name = Cave;
			productName = Cave;
			productReference = 86AE65012B11DE2F00393D57 /* Cave.app */;
			productType = "com.apple.product-type.application";
		};
		86AE65102B11DE3300393D57 /* CaveTests */ = {
			isa = PBXNativeTarget;
			buildConfigurationList = 86AE65282B11DE3300393D57 /* Build configuration list for PBXNativeTarget "CaveTests" */;
			buildPhases = (
				86AE650D2B11DE3300393D57 /* Sources */,
				86AE650E2B11DE3300393D57 /* Frameworks */,
				86AE650F2B11DE3300393D57 /* Resources */,
			);
			buildRules = (
			);
			dependencies = (
				86AE65132B11DE3300393D57 /* PBXTargetDependency */,
			);
			name = CaveTests;
			productName = CaveTests;
			productReference = 86AE65112B11DE3300393D57 /* CaveTests.xctest */;
			productType = "com.apple.product-type.bundle.unit-test";
		};
		86AE651A2B11DE3300393D57 /* CaveUITests */ = {
			isa = PBXNativeTarget;
			buildConfigurationList = 86AE652B2B11DE3300393D57 /* Build configuration list for PBXNativeTarget "CaveUITests" */;
			buildPhases = (
				86AE65172B11DE3300393D57 /* Sources */,
				86AE65182B11DE3300393D57 /* Frameworks */,
				86AE65192B11DE3300393D57 /* Resources */,
			);
			buildRules = (
			);
			dependencies = (
				86AE651D2B11DE3300393D57 /* PBXTargetDependency */,
			);
			name = CaveUITests;
			productName = CaveUITests;
			productReference = 86AE651B2B11DE3300393D57 /* CaveUITests.xctest */;
			productType = "com.apple.product-type.bundle.ui-testing";
		};
/* End PBXNativeTarget section */

/* Begin PBXProject section */
		86AE64F92B11DE2F00393D57 /* Project object */ = {
			isa = PBXProject;
			attributes = {
				BuildIndependentTargetsInParallel = 1;
				LastSwiftUpdateCheck = 1500;
				LastUpgradeCheck = 1500;
				TargetAttributes = {
					86AE65002B11DE2F00393D57 = {
						CreatedOnToolsVersion = 15.0.1;
					};
					86AE65102B11DE3300393D57 = {
						CreatedOnToolsVersion = 15.0.1;
						TestTargetID = 86AE65002B11DE2F00393D57;
					};
					86AE651A2B11DE3300393D57 = {
						CreatedOnToolsVersion = 15.0.1;
						TestTargetID = 86AE65002B11DE2F00393D57;
					};
				};
			};
			buildConfigurationList = 86AE64FC2B11DE2F00393D57 /* Build configuration list for PBXProject "Cave" */;
			compatibilityVersion = "Xcode 14.0";
			developmentRegion = en;
			hasScannedForEncodings = 0;
			knownRegions = (
				en,
				Base,
			);
			mainGroup = 86AE64F82B11DE2F00393D57;
			productRefGroup = 86AE65022B11DE2F00393D57 /* Products */;
			projectDirPath = "";
			projectRoot = "";
			targets = (
				86AE65002B11DE2F00393D57 /* Cave */,
				86AE65102B11DE3300393D57 /* CaveTests */,
				86AE651A2B11DE3300393D57 /* CaveUITests */,
			);
		};
/* End PBXProject section */

/* Begin PBXResourcesBuildPhase section */
		86AE64FF2B11DE2F00393D57 /* Resources */ = {
			isa = PBXResourcesBuildPhase;
			buildActionMask = 2147483647;
			files = (
				86AE65392B11E46F00393D57 /* LaunchScreen.storyboard in Resources */,
				86AE650C2B11DE3200393D57 /* Preview Assets.xcassets in Resources */,
				86AE65092B11DE3200393D57 /* Assets.xcassets in Resources */,
			);
			runOnlyForDeploymentPostprocessing = 0;
		};
		86AE650F2B11DE3300393D57 /* Resources */ = {
			isa = PBXResourcesBuildPhase;
			buildActionMask = 2147483647;
			files = (
			);
			runOnlyForDeploymentPostprocessing = 0;
		};
		86AE65192B11DE3300393D57 /* Resources */ = {
			isa = PBXResourcesBuildPhase;
			buildActionMask = 2147483647;
			files = (
			);
			runOnlyForDeploymentPostprocessing = 0;
		};
/* End PBXResourcesBuildPhase section */

/* Begin PBXSourcesBuildPhase section */
		86AE64FD2B11DE2F00393D57 /* Sources */ = {
			isa = PBXSourcesBuildPhase;
			buildActionMask = 2147483647;
			files = (
				86AE65302B11DEB900393D57 /* Cave.swift in Sources */,
				86AE65072B11DE2F00393D57 /* CaveView.swift in Sources */,
				86AE65052B11DE2F00393D57 /* CaveApp.swift in Sources */,
				86AE65332B11DEF500393D57 /* CaveArea.swift in Sources */,
			);
			runOnlyForDeploymentPostprocessing = 0;
		};
		86AE650D2B11DE3300393D57 /* Sources */ = {
			isa = PBXSourcesBuildPhase;
			buildActionMask = 2147483647;
			files = (
				86AE65162B11DE3300393D57 /* CaveTests.swift in Sources */,
			);
			runOnlyForDeploymentPostprocessing = 0;
		};
		86AE65172B11DE3300393D57 /* Sources */ = {
			isa = PBXSourcesBuildPhase;
			buildActionMask = 2147483647;
			files = (
				86AE65202B11DE3300393D57 /* CaveUITests.swift in Sources */,
			);
			runOnlyForDeploymentPostprocessing = 0;
		};
/* End PBXSourcesBuildPhase section */

/* Begin PBXTargetDependency section */
		86AE65132B11DE3300393D57 /* PBXTargetDependency */ = {
			isa = PBXTargetDependency;
			target = 86AE65002B11DE2F00393D57 /* Cave */;
			targetProxy = 86AE65122B11DE3300393D57 /* PBXContainerItemProxy */;
		};
		86AE651D2B11DE3300393D57 /* PBXTargetDependency */ = {
			isa = PBXTargetDependency;
			target = 86AE65002B11DE2F00393D57 /* Cave */;
			targetProxy = 86AE651C2B11DE3300393D57 /* PBXContainerItemProxy */;
		};
/* End PBXTargetDependency section */

/* Begin XCBuildConfiguration section */
		86AE65232B11DE3300393D57 /* Debug */ = {
			isa = XCBuildConfiguration;
			buildSettings = {
				ALWAYS_SEARCH_USER_PATHS = NO;
				ASSETCATALOG_COMPILER_GENERATE_SWIFT_ASSET_SYMBOL_EXTENSIONS = YES;
				CLANG_ANALYZER_NONNULL = YES;
				CLANG_ANALYZER_NUMBER_OBJECT_CONVERSION = YES_AGGRESSIVE;
				CLANG_CXX_LANGUAGE_STANDARD = "gnu++20";
				CLANG_ENABLE_MODULES = YES;
				CLANG_ENABLE_OBJC_ARC = YES;
				CLANG_ENABLE_OBJC_WEAK = YES;
				CLANG_WARN_BLOCK_CAPTURE_AUTORELEASING = YES;
				CLANG_WARN_BOOL_CONVERSION = YES;
				CLANG_WARN_COMMA = YES;
				CLANG_WARN_CONSTANT_CONVERSION = YES;
				CLANG_WARN_DEPRECATED_OBJC_IMPLEMENTATIONS = YES;
				CLANG_WARN_DIRECT_OBJC_ISA_USAGE = YES_ERROR;
				CLANG_WARN_DOCUMENTATION_COMMENTS = YES;
				CLANG_WARN_EMPTY_BODY = YES;
				CLANG_WARN_ENUM_CONVERSION = YES;
				CLANG_WARN_INFINITE_RECURSION = YES;
				CLANG_WARN_INT_CONVERSION = YES;
				CLANG_WARN_NON_LITERAL_NULL_CONVERSION = YES;
				CLANG_WARN_OBJC_IMPLICIT_RETAIN_SELF = YES;
				CLANG_WARN_OBJC_LITERAL_CONVERSION = YES;
				CLANG_WARN_OBJC_ROOT_CLASS = YES_ERROR;
				CLANG_WARN_QUOTED_INCLUDE_IN_FRAMEWORK_HEADER = YES;
				CLANG_WARN_RANGE_LOOP_ANALYSIS = YES;
				CLANG_WARN_STRICT_PROTOTYPES = YES;
				CLANG_WARN_SUSPICIOUS_MOVE = YES;
				CLANG_WARN_UNGUARDED_AVAILABILITY = YES_AGGRESSIVE;
				CLANG_WARN_UNREACHABLE_CODE = YES;
				CLANG_WARN__DUPLICATE_METHOD_MATCH = YES;
				COPY_PHASE_STRIP = NO;
				DEBUG_INFORMATION_FORMAT = dwarf;
				ENABLE_STRICT_OBJC_MSGSEND = YES;
				ENABLE_TESTABILITY = YES;
				ENABLE_USER_SCRIPT_SANDBOXING = YES;
				GCC_C_LANGUAGE_STANDARD = gnu17;
				GCC_DYNAMIC_NO_PIC = NO;
				GCC_NO_COMMON_BLOCKS = YES;
				GCC_OPTIMIZATION_LEVEL = 0;
				GCC_PREPROCESSOR_DEFINITIONS = (
					"DEBUG=1",
					"$(inherited)",
				);
				GCC_WARN_64_TO_32_BIT_CONVERSION = YES;
				GCC_WARN_ABOUT_RETURN_TYPE = YES_ERROR;
				GCC_WARN_UNDECLARED_SELECTOR = YES;
				GCC_WARN_UNINITIALIZED_AUTOS = YES_AGGRESSIVE;
				GCC_WARN_UNUSED_FUNCTION = YES;
				GCC_WARN_UNUSED_VARIABLE = YES;
				IPHONEOS_DEPLOYMENT_TARGET = 17.0;
				LOCALIZATION_PREFERS_STRING_CATALOGS = YES;
				MTL_ENABLE_DEBUG_INFO = INCLUDE_SOURCE;
				MTL_FAST_MATH = YES;
				ONLY_ACTIVE_ARCH = YES;
				SDKROOT = iphoneos;
				SWIFT_ACTIVE_COMPILATION_CONDITIONS = "DEBUG $(inherited)";
				SWIFT_OPTIMIZATION_LEVEL = "-Onone";
			};
			name = Debug;
		};
		86AE65242B11DE3300393D57 /* Release */ = {
			isa = XCBuildConfiguration;
			buildSettings = {
				ALWAYS_SEARCH_USER_PATHS = NO;
				ASSETCATALOG_COMPILER_GENERATE_SWIFT_ASSET_SYMBOL_EXTENSIONS = YES;
				CLANG_ANALYZER_NONNULL = YES;
				CLANG_ANALYZER_NUMBER_OBJECT_CONVERSION = YES_AGGRESSIVE;
				CLANG_CXX_LANGUAGE_STANDARD = "gnu++20";
				CLANG_ENABLE_MODULES = YES;
				CLANG_ENABLE_OBJC_ARC = YES;
				CLANG_ENABLE_OBJC_WEAK = YES;
				CLANG_WARN_BLOCK_CAPTURE_AUTORELEASING = YES;
				CLANG_WARN_BOOL_CONVERSION = YES;
				CLANG_WARN_COMMA = YES;
				CLANG_WARN_CONSTANT_CONVERSION = YES;
				CLANG_WARN_DEPRECATED_OBJC_IMPLEMENTATIONS = YES;
				CLANG_WARN_DIRECT_OBJC_ISA_USAGE = YES_ERROR;
				CLANG_WARN_DOCUMENTATION_COMMENTS = YES;
				CLANG_WARN_EMPTY_BODY = YES;
				CLANG_WARN_ENUM_CONVERSION = YES;
				CLANG_WARN_INFINITE_RECURSION = YES;
				CLANG_WARN_INT_CONVERSION = YES;
				CLANG_WARN_NON_LITERAL_NULL_CONVERSION = YES;
				CLANG_WARN_OBJC_IMPLICIT_RETAIN_SELF = YES;
				CLANG_WARN_OBJC_LITERAL_CONVERSION = YES;
				CLANG_WARN_OBJC_ROOT_CLASS = YES_ERROR;
				CLANG_WARN_QUOTED_INCLUDE_IN_FRAMEWORK_HEADER = YES;
				CLANG_WARN_RANGE_LOOP_ANALYSIS = YES;
				CLANG_WARN_STRICT_PROTOTYPES = YES;
				CLANG_WARN_SUSPICIOUS_MOVE = YES;
				CLANG_WARN_UNGUARDED_AVAILABILITY = YES_AGGRESSIVE;
				CLANG_WARN_UNREACHABLE_CODE = YES;
				CLANG_WARN__DUPLICATE_METHOD_MATCH = YES;
				COPY_PHASE_STRIP = NO;
				DEBUG_INFORMATION_FORMAT = "dwarf-with-dsym";
				ENABLE_NS_ASSERTIONS = NO;
				ENABLE_STRICT_OBJC_MSGSEND = YES;
				ENABLE_USER_SCRIPT_SANDBOXING = YES;
				GCC_C_LANGUAGE_STANDARD = gnu17;
				GCC_NO_COMMON_BLOCKS = YES;
				GCC_WARN_64_TO_32_BIT_CONVERSION = YES;
				GCC_WARN_ABOUT_RETURN_TYPE = YES_ERROR;
				GCC_WARN_UNDECLARED_SELECTOR = YES;
				GCC_WARN_UNINITIALIZED_AUTOS = YES_AGGRESSIVE;
				GCC_WARN_UNUSED_FUNCTION = YES;
				GCC_WARN_UNUSED_VARIABLE = YES;
				IPHONEOS_DEPLOYMENT_TARGET = 17.0;
				LOCALIZATION_PREFERS_STRING_CATALOGS = YES;
				MTL_ENABLE_DEBUG_INFO = NO;
				MTL_FAST_MATH = YES;
				SDKROOT = iphoneos;
				SWIFT_COMPILATION_MODE = wholemodule;
				VALIDATE_PRODUCT = YES;
			};
			name = Release;
		};
		86AE65262B11DE3300393D57 /* Debug */ = {
			isa = XCBuildConfiguration;
			buildSettings = {
				ASSETCATALOG_COMPILER_APPICON_NAME = AppIcon;
				ASSETCATALOG_COMPILER_GLOBAL_ACCENT_COLOR_NAME = AccentColor;
				CODE_SIGN_STYLE = Automatic;
				CURRENT_PROJECT_VERSION = 1;
				DEVELOPMENT_ASSET_PATHS = "\"Cave/Preview Content\"";
				DEVELOPMENT_TEAM = 3KQ9N5F32S;
				ENABLE_PREVIEWS = YES;
				GENERATE_INFOPLIST_FILE = YES;
				INFOPLIST_KEY_CFBundleDisplayName = Cave;
				INFOPLIST_KEY_LSApplicationCategoryType = "public.app-category.education";
				INFOPLIST_KEY_UIApplicationSceneManifest_Generation = YES;
				INFOPLIST_KEY_UIApplicationSupportsIndirectInputEvents = YES;
				INFOPLIST_KEY_UILaunchScreen_Generation = YES;
				INFOPLIST_KEY_UILaunchStoryboardName = LaunchScreen.storyboard;
				INFOPLIST_KEY_UISupportedInterfaceOrientations = UIInterfaceOrientationPortrait;
				INFOPLIST_KEY_UISupportedInterfaceOrientations_iPad = "UIInterfaceOrientationPortrait UIInterfaceOrientationPortraitUpsideDown";
				IPHONEOS_DEPLOYMENT_TARGET = 16.0;
				LD_RUNPATH_SEARCH_PATHS = (
					"$(inherited)",
					"@executable_path/Frameworks",
				);
				MARKETING_VERSION = 1.0;
				PRODUCT_BUNDLE_IDENTIFIER = "Aliia-Satbakova.Cave";
				PRODUCT_NAME = "$(TARGET_NAME)";
				SWIFT_EMIT_LOC_STRINGS = YES;
				SWIFT_VERSION = 5.0;
				TARGETED_DEVICE_FAMILY = "1,2";
			};
			name = Debug;
		};
		86AE65272B11DE3300393D57 /* Release */ = {
			isa = XCBuildConfiguration;
			buildSettings = {
				ASSETCATALOG_COMPILER_APPICON_NAME = AppIcon;
				ASSETCATALOG_COMPILER_GLOBAL_ACCENT_COLOR_NAME = AccentColor;
				CODE_SIGN_STYLE = Automatic;
				CURRENT_PROJECT_VERSION = 1;
				DEVELOPMENT_ASSET_PATHS = "\"Cave/Preview Content\"";
				DEVELOPMENT_TEAM = 3KQ9N5F32S;
				ENABLE_PREVIEWS = YES;
				GENERATE_INFOPLIST_FILE = YES;
				INFOPLIST_KEY_CFBundleDisplayName = Cave;
				INFOPLIST_KEY_LSApplicationCategoryType = "public.app-category.education";
				INFOPLIST_KEY_UIApplicationSceneManifest_Generation = YES;
				INFOPLIST_KEY_UIApplicationSupportsIndirectInputEvents = YES;
				INFOPLIST_KEY_UILaunchScreen_Generation = YES;
				INFOPLIST_KEY_UILaunchStoryboardName = LaunchScreen.storyboard;
				INFOPLIST_KEY_UISupportedInterfaceOrientations = UIInterfaceOrientationPortrait;
				INFOPLIST_KEY_UISupportedInterfaceOrientations_iPad = "UIInterfaceOrientationPortrait UIInterfaceOrientationPortraitUpsideDown";
				IPHONEOS_DEPLOYMENT_TARGET = 16.0;
				LD_RUNPATH_SEARCH_PATHS = (
					"$(inherited)",
					"@executable_path/Frameworks",
				);
				MARKETING_VERSION = 1.0;
				PRODUCT_BUNDLE_IDENTIFIER = "Aliia-Satbakova.Cave";
				PRODUCT_NAME = "$(TARGET_NAME)";
				SWIFT_EMIT_LOC_STRINGS = YES;
				SWIFT_VERSION = 5.0;
				TARGETED_DEVICE_FAMILY = "1,2";
			};
			name = Release;
		};
		86AE65292B11DE3300393D57 /* Debug */ = {
			isa = XCBuildConfiguration;
			buildSettings = {
				ALWAYS_EMBED_SWIFT_STANDARD_LIBRARIES = YES;
				BUNDLE_LOADER = "$(TEST_HOST)";
				CODE_SIGN_STYLE = Automatic;
				CURRENT_PROJECT_VERSION = 1;
				DEVELOPMENT_TEAM = 3KQ9N5F32S;
				GENERATE_INFOPLIST_FILE = YES;
				IPHONEOS_DEPLOYMENT_TARGET = 17.0;
				MARKETING_VERSION = 1.0;
				PRODUCT_BUNDLE_IDENTIFIER = "Aliia-Satbakova.CaveTests";
				PRODUCT_NAME = "$(TARGET_NAME)";
				SWIFT_EMIT_LOC_STRINGS = NO;
				SWIFT_VERSION = 5.0;
				TARGETED_DEVICE_FAMILY = "1,2";
				TEST_HOST = "$(BUILT_PRODUCTS_DIR)/Cave.app/$(BUNDLE_EXECUTABLE_FOLDER_PATH)/Cave";
			};
			name = Debug;
		};
		86AE652A2B11DE3300393D57 /* Release */ = {
			isa = XCBuildConfiguration;
			buildSettings = {
				ALWAYS_EMBED_SWIFT_STANDARD_LIBRARIES = YES;
				BUNDLE_LOADER = "$(TEST_HOST)";
				CODE_SIGN_STYLE = Automatic;
				CURRENT_PROJECT_VERSION = 1;
				DEVELOPMENT_TEAM = 3KQ9N5F32S;
				GENERATE_INFOPLIST_FILE = YES;
				IPHONEOS_DEPLOYMENT_TARGET = 17.0;
				MARKETING_VERSION = 1.0;
				PRODUCT_BUNDLE_IDENTIFIER = "Aliia-Satbakova.CaveTests";
				PRODUCT_NAME = "$(TARGET_NAME)";
				SWIFT_EMIT_LOC_STRINGS = NO;
				SWIFT_VERSION = 5.0;
				TARGETED_DEVICE_FAMILY = "1,2";
				TEST_HOST = "$(BUILT_PRODUCTS_DIR)/Cave.app/$(BUNDLE_EXECUTABLE_FOLDER_PATH)/Cave";
			};
			name = Release;
		};
		86AE652C2B11DE3300393D57 /* Debug */ = {
			isa = XCBuildConfiguration;
			buildSettings = {
				ALWAYS_EMBED_SWIFT_STANDARD_LIBRARIES = YES;
				CODE_SIGN_STYLE = Automatic;
				CURRENT_PROJECT_VERSION = 1;
				DEVELOPMENT_TEAM = 3KQ9N5F32S;
				GENERATE_INFOPLIST_FILE = YES;
				MARKETING_VERSION = 1.0;
				PRODUCT_BUNDLE_IDENTIFIER = "Aliia-Satbakova.CaveUITests";
				PRODUCT_NAME = "$(TARGET_NAME)";
				SWIFT_EMIT_LOC_STRINGS = NO;
				SWIFT_VERSION = 5.0;
				TARGETED_DEVICE_FAMILY = "1,2";
				TEST_TARGET_NAME = Cave;
			};
			name = Debug;
		};
		86AE652D2B11DE3300393D57 /* Release */ = {
			isa = XCBuildConfiguration;
			buildSettings = {
				ALWAYS_EMBED_SWIFT_STANDARD_LIBRARIES = YES;
				CODE_SIGN_STYLE = Automatic;
				CURRENT_PROJECT_VERSION = 1;
				DEVELOPMENT_TEAM = 3KQ9N5F32S;
				GENERATE_INFOPLIST_FILE = YES;
				MARKETING_VERSION = 1.0;
				PRODUCT_BUNDLE_IDENTIFIER = "Aliia-Satbakova.CaveUITests";
				PRODUCT_NAME = "$(TARGET_NAME)";
				SWIFT_EMIT_LOC_STRINGS = NO;
				SWIFT_VERSION = 5.0;
				TARGETED_DEVICE_FAMILY = "1,2";
				TEST_TARGET_NAME = Cave;
			};
			name = Release;
		};
/* End XCBuildConfiguration section */

/* Begin XCConfigurationList section */
		86AE64FC2B11DE2F00393D57 /* Build configuration list for PBXProject "Cave" */ = {
			isa = XCConfigurationList;
			buildConfigurations = (
				86AE65232B11DE3300393D57 /* Debug */,
				86AE65242B11DE3300393D57 /* Release */,
			);
			defaultConfigurationIsVisible = 0;
			defaultConfigurationName = Release;
		};
		86AE65252B11DE3300393D57 /* Build configuration list for PBXNativeTarget "Cave" */ = {
			isa = XCConfigurationList;
			buildConfigurations = (
				86AE65262B11DE3300393D57 /* Debug */,
				86AE65272B11DE3300393D57 /* Release */,
			);
			defaultConfigurationIsVisible = 0;
			defaultConfigurationName = Release;
		};
		86AE65282B11DE3300393D57 /* Build configuration list for PBXNativeTarget "CaveTests" */ = {
			isa = XCConfigurationList;
			buildConfigurations = (
				86AE65292B11DE3300393D57 /* Debug */,
				86AE652A2B11DE3300393D57 /* Release */,
			);
			defaultConfigurationIsVisible = 0;
			defaultConfigurationName = Release;
		};
		86AE652B2B11DE3300393D57 /* Build configuration list for PBXNativeTarget "CaveUITests" */ = {
			isa = XCConfigurationList;
			buildConfigurations = (
				86AE652C2B11DE3300393D57 /* Debug */,
				86AE652D2B11DE3300393D57 /* Release */,
			);
			defaultConfigurationIsVisible = 0;
			defaultConfigurationName = Release;
		};
/* End XCConfigurationList section */
	};
	rootObject = 86AE64F92B11DE2F00393D57 /* Project object */;
}
